// !$*UTF8*$!
{
	archiveVersion = 1;
	classes = {
	};
	objectVersion = 46;
	objects = {

/* Begin PBXBuildFile section */
		A3FA1FCE1EAE8CA5007A6AE4 /* AppDelegate.swift in Sources */ = {isa = PBXBuildFile; fileRef = A3FA1FCD1EAE8CA5007A6AE4 /* AppDelegate.swift */; };
		A3FA1FD01EAE8CA5007A6AE4 /* ViewController.swift in Sources */ = {isa = PBXBuildFile; fileRef = A3FA1FCF1EAE8CA5007A6AE4 /* ViewController.swift */; };
		A3FA1FD31EAE8CA5007A6AE4 /* Main.storyboard in Resources */ = {isa = PBXBuildFile; fileRef = A3FA1FD11EAE8CA5007A6AE4 /* Main.storyboard */; };
		A3FA1FD51EAE8CA5007A6AE4 /* Assets.xcassets in Resources */ = {isa = PBXBuildFile; fileRef = A3FA1FD41EAE8CA5007A6AE4 /* Assets.xcassets */; };
		A3FA1FD81EAE8CA5007A6AE4 /* LaunchScreen.storyboard in Resources */ = {isa = PBXBuildFile; fileRef = A3FA1FD61EAE8CA5007A6AE4 /* LaunchScreen.storyboard */; };
/* End PBXBuildFile section */

/* Begin PBXFileReference section */
		A3FA1FCA1EAE8CA4007A6AE4 /* xcconfigTutorial.app */ = {isa = PBXFileReference; explicitFileType = wrapper.application; includeInIndex = 0; path = xcconfigTutorial.app; sourceTree = BUILT_PRODUCTS_DIR; };
		A3FA1FCD1EAE8CA5007A6AE4 /* AppDelegate.swift */ = {isa = PBXFileReference; lastKnownFileType = sourcecode.swift; path = AppDelegate.swift; sourceTree = "<group>"; };
		A3FA1FCF1EAE8CA5007A6AE4 /* ViewController.swift */ = {isa = PBXFileReference; lastKnownFileType = sourcecode.swift; path = ViewController.swift; sourceTree = "<group>"; };
		A3FA1FD21EAE8CA5007A6AE4 /* Base */ = {isa = PBXFileReference; lastKnownFileType = file.storyboard; name = Base; path = Base.lproj/Main.storyboard; sourceTree = "<group>"; };
		A3FA1FD41EAE8CA5007A6AE4 /* Assets.xcassets */ = {isa = PBXFileReference; lastKnownFileType = folder.assetcatalog; path = Assets.xcassets; sourceTree = "<group>"; };
		A3FA1FD71EAE8CA5007A6AE4 /* Base */ = {isa = PBXFileReference; lastKnownFileType = file.storyboard; name = Base; path = Base.lproj/LaunchScreen.storyboard; sourceTree = "<group>"; };
		A3FA1FD91EAE8CA5007A6AE4 /* Info.plist */ = {isa = PBXFileReference; lastKnownFileType = text.plist.xml; path = Info.plist; sourceTree = "<group>"; };
		A3FA1FE61EAE8F78007A6AE4 /* Development.xcconfig */ = {isa = PBXFileReference; lastKnownFileType = text.xcconfig; path = Development.xcconfig; sourceTree = "<group>"; };
		A3FA1FE71EAE8F82007A6AE4 /* Debug.xcconfig */ = {isa = PBXFileReference; lastKnownFileType = text.xcconfig; path = Debug.xcconfig; sourceTree = "<group>"; };
		A3FA1FE81EAE8F8B007A6AE4 /* Release.xcconfig */ = {isa = PBXFileReference; lastKnownFileType = text.xcconfig; path = Release.xcconfig; sourceTree = "<group>"; };
/* End PBXFileReference section */

/* Begin PBXFrameworksBuildPhase section */
		A3FA1FC71EAE8CA4007A6AE4 /* Frameworks */ = {
			isa = PBXFrameworksBuildPhase;
			buildActionMask = 2147483647;
			files = (
			);
			runOnlyForDeploymentPostprocessing = 0;
		};
/* End PBXFrameworksBuildPhase section */

/* Begin PBXGroup section */
		A3FA1FC11EAE8CA4007A6AE4 = {
			isa = PBXGroup;
			children = (
				A3FA1FCC1EAE8CA5007A6AE4 /* xcconfigTutorial */,
				A3FA1FCB1EAE8CA4007A6AE4 /* Products */,
			);
			sourceTree = "<group>";
		};
		A3FA1FCB1EAE8CA4007A6AE4 /* Products */ = {
			isa = PBXGroup;
			children = (
				A3FA1FCA1EAE8CA4007A6AE4 /* xcconfigTutorial.app */,
			);
			name = Products;
			sourceTree = "<group>";
		};
		A3FA1FCC1EAE8CA5007A6AE4 /* xcconfigTutorial */ = {
			isa = PBXGroup;
			children = (
				A3FA1FE51EAE8F6B007A6AE4 /* Config */,
				A3FA1FCD1EAE8CA5007A6AE4 /* AppDelegate.swift */,
				A3FA1FCF1EAE8CA5007A6AE4 /* ViewController.swift */,
				A3FA1FD11EAE8CA5007A6AE4 /* Main.storyboard */,
				A3FA1FD41EAE8CA5007A6AE4 /* Assets.xcassets */,
				A3FA1FD61EAE8CA5007A6AE4 /* LaunchScreen.storyboard */,
				A3FA1FD91EAE8CA5007A6AE4 /* Info.plist */,
			);
			path = xcconfigTutorial;
			sourceTree = "<group>";
		};
		A3FA1FE51EAE8F6B007A6AE4 /* Config */ = {
			isa = PBXGroup;
			children = (
				A3FA1FE61EAE8F78007A6AE4 /* Development.xcconfig */,
				A3FA1FE71EAE8F82007A6AE4 /* Debug.xcconfig */,
				A3FA1FE81EAE8F8B007A6AE4 /* Release.xcconfig */,
			);
			name = Config;
			sourceTree = "<group>";
		};
/* End PBXGroup section */

/* Begin PBXNativeTarget section */
		A3FA1FC91EAE8CA4007A6AE4 /* xcconfigTutorial */ = {
			isa = PBXNativeTarget;
			buildConfigurationList = A3FA1FDC1EAE8CA5007A6AE4 /* Build configuration list for PBXNativeTarget "xcconfigTutorial" */;
			buildPhases = (
				A3FA1FC61EAE8CA4007A6AE4 /* Sources */,
				A3FA1FC71EAE8CA4007A6AE4 /* Frameworks */,
				A3FA1FC81EAE8CA4007A6AE4 /* Resources */,
			);
			buildRules = (
			);
			dependencies = (
			);
			name = xcconfigTutorial;
			productName = xcconfigTutorial;
			productReference = A3FA1FCA1EAE8CA4007A6AE4 /* xcconfigTutorial.app */;
			productType = "com.apple.product-type.application";
		};
/* End PBXNativeTarget section */

/* Begin PBXProject section */
		A3FA1FC21EAE8CA4007A6AE4 /* Project object */ = {
			isa = PBXProject;
			attributes = {
				LastSwiftUpdateCheck = 0830;
				LastUpgradeCheck = 0830;
				ORGANIZATIONNAME = "Julia Geist";
				TargetAttributes = {
					A3FA1FC91EAE8CA4007A6AE4 = {
						CreatedOnToolsVersion = 8.3;
						DevelopmentTeam = 373244HPF5;
						ProvisioningStyle = Automatic;
					};
				};
			};
			buildConfigurationList = A3FA1FC51EAE8CA4007A6AE4 /* Build configuration list for PBXProject "xcconfigTutorial" */;
			compatibilityVersion = "Xcode 3.2";
			developmentRegion = English;
			hasScannedForEncodings = 0;
			knownRegions = (
				en,
				Base,
			);
			mainGroup = A3FA1FC11EAE8CA4007A6AE4;
			productRefGroup = A3FA1FCB1EAE8CA4007A6AE4 /* Products */;
			projectDirPath = "";
			projectRoot = "";
			targets = (
				A3FA1FC91EAE8CA4007A6AE4 /* xcconfigTutorial */,
			);
		};
/* End PBXProject section */

/* Begin PBXResourcesBuildPhase section */
		A3FA1FC81EAE8CA4007A6AE4 /* Resources */ = {
			isa = PBXResourcesBuildPhase;
			buildActionMask = 2147483647;
			files = (
				A3FA1FD81EAE8CA5007A6AE4 /* LaunchScreen.storyboard in Resources */,
				A3FA1FD51EAE8CA5007A6AE4 /* Assets.xcassets in Resources */,
				A3FA1FD31EAE8CA5007A6AE4 /* Main.storyboard in Resources */,
			);
			runOnlyForDeploymentPostprocessing = 0;
		};
/* End PBXResourcesBuildPhase section */

/* Begin PBXSourcesBuildPhase section */
		A3FA1FC61EAE8CA4007A6AE4 /* Sources */ = {
			isa = PBXSourcesBuildPhase;
			buildActionMask = 2147483647;
			files = (
				A3FA1FD01EAE8CA5007A6AE4 /* ViewController.swift in Sources */,
				A3FA1FCE1EAE8CA5007A6AE4 /* AppDelegate.swift in Sources */,
			);
			runOnlyForDeploymentPostprocessing = 0;
		};
/* End PBXSourcesBuildPhase section */

/* Begin PBXVariantGroup section */
		A3FA1FD11EAE8CA5007A6AE4 /* Main.storyboard */ = {
			isa = PBXVariantGroup;
			children = (
				A3FA1FD21EAE8CA5007A6AE4 /* Base */,
			);
			name = Main.storyboard;
			sourceTree = "<group>";
		};
		A3FA1FD61EAE8CA5007A6AE4 /* LaunchScreen.storyboard */ = {
			isa = PBXVariantGroup;
			children = (
				A3FA1FD71EAE8CA5007A6AE4 /* Base */,
			);
			name = LaunchScreen.storyboard;
			sourceTree = "<group>";
		};
/* End PBXVariantGroup section */

/* Begin XCBuildConfiguration section */
		A3FA1FDA1EAE8CA5007A6AE4 /* Debug */ = {
			isa = XCBuildConfiguration;
			baseConfigurationReference = A3FA1FE71EAE8F82007A6AE4 /* Debug.xcconfig */;
			buildSettings = {
				ALWAYS_SEARCH_USER_PATHS = NO;
				CLANG_ANALYZER_NONNULL = YES;
				CLANG_ANALYZER_NUMBER_OBJECT_CONVERSION = YES_AGGRESSIVE;
				CLANG_CXX_LANGUAGE_STANDARD = "gnu++0x";
				CLANG_CXX_LIBRARY = "libc++";
				CLANG_ENABLE_MODULES = YES;
				CLANG_ENABLE_OBJC_ARC = YES;
				CLANG_WARN_BOOL_CONVERSION = YES;
				CLANG_WARN_CONSTANT_CONVERSION = YES;
				CLANG_WARN_DIRECT_OBJC_ISA_USAGE = YES_ERROR;
				CLANG_WARN_DOCUMENTATION_COMMENTS = YES;
				CLANG_WARN_EMPTY_BODY = YES;
				CLANG_WARN_ENUM_CONVERSION = YES;
				CLANG_WARN_INFINITE_RECURSION = YES;
				CLANG_WARN_INT_CONVERSION = YES;
				CLANG_WARN_OBJC_ROOT_CLASS = YES_ERROR;
				CLANG_WARN_SUSPICIOUS_MOVE = YES;
				CLANG_WARN_UNREACHABLE_CODE = YES;
				CLANG_WARN__DUPLICATE_METHOD_MATCH = YES;
				"CODE_SIGN_IDENTITY[sdk=iphoneos*]" = "iPhone Developer";
				COPY_PHASE_STRIP = NO;
				DEBUG_INFORMATION_FORMAT = dwarf;
				ENABLE_STRICT_OBJC_MSGSEND = YES;
				ENABLE_TESTABILITY = YES;
				GCC_C_LANGUAGE_STANDARD = gnu99;
				GCC_DYNAMIC_NO_PIC = NO;
				GCC_NO_COMMON_BLOCKS = YES;
				GCC_OPTIMIZATION_LEVEL = 0;
				GCC_PREPROCESSOR_DEFINITIONS = (
					"DEBUG=1",
					"$(inherited)",
				);
				GCC_WARN_64_TO_32_BIT_CONVERSION = YES;
				GCC_WARN_ABOUT_RETURN_TYPE = YES_ERROR;
				GCC_WARN_UNDECLARED_SELECTOR = YES;
				GCC_WARN_UNINITIALIZED_AUTOS = YES_AGGRESSIVE;
				GCC_WARN_UNUSED_FUNCTION = YES;
				GCC_WARN_UNUSED_VARIABLE = YES;
				IPHONEOS_DEPLOYMENT_TARGET = 10.3;
				MTL_ENABLE_DEBUG_INFO = YES;
				ONLY_ACTIVE_ARCH = YES;
				SDKROOT = iphoneos;
				SWIFT_ACTIVE_COMPILATION_CONDITIONS = DEBUG;
				SWIFT_OPTIMIZATION_LEVEL = "-Onone";
				TARGETED_DEVICE_FAMILY = "1,2";
			};
			name = Debug;
		};
		A3FA1FDB1EAE8CA5007A6AE4 /* Release */ = {
			isa = XCBuildConfiguration;
			baseConfigurationReference = A3FA1FE81EAE8F8B007A6AE4 /* Release.xcconfig */;
			buildSettings = {
				ALWAYS_SEARCH_USER_PATHS = NO;
				CLANG_ANALYZER_NONNULL = YES;
				CLANG_ANALYZER_NUMBER_OBJECT_CONVERSION = YES_AGGRESSIVE;
				CLANG_CXX_LANGUAGE_STANDARD = "gnu++0x";
				CLANG_CXX_LIBRARY = "libc++";
				CLANG_ENABLE_MODULES = YES;
				CLANG_ENABLE_OBJC_ARC = YES;
				CLANG_WARN_BOOL_CONVERSION = YES;
				CLANG_WARN_CONSTANT_CONVERSION = YES;
				CLANG_WARN_DIRECT_OBJC_ISA_USAGE = YES_ERROR;
				CLANG_WARN_DOCUMENTATION_COMMENTS = YES;
				CLANG_WARN_EMPTY_BODY = YES;
				CLANG_WARN_ENUM_CONVERSION = YES;
				CLANG_WARN_INFINITE_RECURSION = YES;
				CLANG_WARN_INT_CONVERSION = YES;
				CLANG_WARN_OBJC_ROOT_CLASS = YES_ERROR;
				CLANG_WARN_SUSPICIOUS_MOVE = YES;
				CLANG_WARN_UNREACHABLE_CODE = YES;
				CLANG_WARN__DUPLICATE_METHOD_MATCH = YES;
				"CODE_SIGN_IDENTITY[sdk=iphoneos*]" = "iPhone Developer";
				COPY_PHASE_STRIP = NO;
				DEBUG_INFORMATION_FORMAT = "dwarf-with-dsym";
				ENABLE_NS_ASSERTIONS = NO;
				ENABLE_STRICT_OBJC_MSGSEND = YES;
				GCC_C_LANGUAGE_STANDARD = gnu99;
				GCC_NO_COMMON_BLOCKS = YES;
				GCC_WARN_64_TO_32_BIT_CONVERSION = YES;
				GCC_WARN_ABOUT_RETURN_TYPE = YES_ERROR;
				GCC_WARN_UNDECLARED_SELECTOR = YES;
				GCC_WARN_UNINITIALIZED_AUTOS = YES_AGGRESSIVE;
				GCC_WARN_UNUSED_FUNCTION = YES;
				GCC_WARN_UNUSED_VARIABLE = YES;
				IPHONEOS_DEPLOYMENT_TARGET = 10.3;
				MTL_ENABLE_DEBUG_INFO = NO;
				SDKROOT = iphoneos;
				SWIFT_OPTIMIZATION_LEVEL = "-Owholemodule";
				TARGETED_DEVICE_FAMILY = "1,2";
				VALIDATE_PRODUCT = YES;
			};
			name = Release;
		};
		A3FA1FDD1EAE8CA5007A6AE4 /* Debug */ = {
			isa = XCBuildConfiguration;
			baseConfigurationReference = A3FA1FE71EAE8F82007A6AE4 /* Debug.xcconfig */;
			buildSettings = {
				ASSETCATALOG_COMPILER_APPICON_NAME = AppIcon;
				DEVELOPMENT_TEAM = 373244HPF5;
				INFOPLIST_FILE = xcconfigTutorial/Info.plist;
				LD_RUNPATH_SEARCH_PATHS = "$(inherited) @executable_path/Frameworks";
				PRODUCT_BUNDLE_IDENTIFIER = com.juliageist.xcconfigTutorial;
				PRODUCT_NAME = "$(TARGET_NAME)";
				SWIFT_VERSION = 3.0;
			};
			name = Debug;
		};
		A3FA1FDE1EAE8CA5007A6AE4 /* Release */ = {
			isa = XCBuildConfiguration;
			baseConfigurationReference = A3FA1FE81EAE8F8B007A6AE4 /* Release.xcconfig */;
			buildSettings = {
				ASSETCATALOG_COMPILER_APPICON_NAME = AppIcon;
				DEVELOPMENT_TEAM = 373244HPF5;
				INFOPLIST_FILE = xcconfigTutorial/Info.plist;
				LD_RUNPATH_SEARCH_PATHS = "$(inherited) @executable_path/Frameworks";
				PRODUCT_BUNDLE_IDENTIFIER = com.juliageist.xcconfigTutorial;
				PRODUCT_NAME = "$(TARGET_NAME)";
				SWIFT_VERSION = 3.0;
			};
			name = Release;
		};
		A3FA1FE91EAE90E1007A6AE4 /* Development */ = {
			isa = XCBuildConfiguration;
			baseConfigurationReference = A3FA1FE61EAE8F78007A6AE4 /* Development.xcconfig */;
			buildSettings = {
				ALWAYS_SEARCH_USER_PATHS = NO;
				CLANG_ANALYZER_NONNULL = YES;
				CLANG_ANALYZER_NUMBER_OBJECT_CONVERSION = YES_AGGRESSIVE;
				CLANG_CXX_LANGUAGE_STANDARD = "gnu++0x";
				CLANG_CXX_LIBRARY = "libc++";
				CLANG_ENABLE_MODULES = YES;
				CLANG_ENABLE_OBJC_ARC = YES;
				CLANG_WARN_BOOL_CONVERSION = YES;
				CLANG_WARN_CONSTANT_CONVERSION = YES;
				CLANG_WARN_DIRECT_OBJC_ISA_USAGE = YES_ERROR;
				CLANG_WARN_DOCUMENTATION_COMMENTS = YES;
				CLANG_WARN_EMPTY_BODY = YES;
				CLANG_WARN_ENUM_CONVERSION = YES;
				CLANG_WARN_INFINITE_RECURSION = YES;
				CLANG_WARN_INT_CONVERSION = YES;
				CLANG_WARN_OBJC_ROOT_CLASS = YES_ERROR;
				CLANG_WARN_SUSPICIOUS_MOVE = YES;
				CLANG_WARN_UNREACHABLE_CODE = YES;
				CLANG_WARN__DUPLICATE_METHOD_MATCH = YES;
				"CODE_SIGN_IDENTITY[sdk=iphoneos*]" = "iPhone Developer";
				COPY_PHASE_STRIP = NO;
				DEBUG_INFORMATION_FORMAT = dwarf;
				ENABLE_STRICT_OBJC_MSGSEND = YES;
				ENABLE_TESTABILITY = YES;
				GCC_C_LANGUAGE_STANDARD = gnu99;
				GCC_DYNAMIC_NO_PIC = NO;
				GCC_NO_COMMON_BLOCKS = YES;
				GCC_OPTIMIZATION_LEVEL = 0;
				GCC_PREPROCESSOR_DEFINITIONS = (
					"DEBUG=1",
					"$(inherited)",
				);
				GCC_WARN_64_TO_32_BIT_CONVERSION = YES;
				GCC_WARN_ABOUT_RETURN_TYPE = YES_ERROR;
				GCC_WARN_UNDECLARED_SELECTOR = YES;
				GCC_WARN_UNINITIALIZED_AUTOS = YES_AGGRESSIVE;
				GCC_WARN_UNUSED_FUNCTION = YES;
				GCC_WARN_UNUSED_VARIABLE = YES;
				IPHONEOS_DEPLOYMENT_TARGET = 10.3;
				MTL_ENABLE_DEBUG_INFO = YES;
				ONLY_ACTIVE_ARCH = YES;
				SDKROOT = iphoneos;
				SWIFT_ACTIVE_COMPILATION_CONDITIONS = DEBUG;
				SWIFT_OPTIMIZATION_LEVEL = "-Onone";
				TARGETED_DEVICE_FAMILY = "1,2";
			};
			name = Development;
		};
		A3FA1FEA1EAE90E1007A6AE4 /* Development */ = {
			isa = XCBuildConfiguration;
			baseConfigurationReference = A3FA1FE61EAE8F78007A6AE4 /* Development.xcconfig */;
			buildSettings = {
				ASSETCATALOG_COMPILER_APPICON_NAME = AppIcon;
				DEVELOPMENT_TEAM = 373244HPF5;
				INFOPLIST_FILE = xcconfigTutorial/Info.plist;
				LD_RUNPATH_SEARCH_PATHS = "$(inherited) @executable_path/Frameworks";
				PRODUCT_BUNDLE_IDENTIFIER = com.juliageist.xcconfigTutorial;
				PRODUCT_NAME = "$(TARGET_NAME)";
				SWIFT_VERSION = 3.0;
			};
			name = Development;
		};
/* End XCBuildConfiguration section */

/* Begin XCConfigurationList section */
		A3FA1FC51EAE8CA4007A6AE4 /* Build configuration list for PBXProject "xcconfigTutorial" */ = {
			isa = XCConfigurationList;
			buildConfigurations = (
				A3FA1FDA1EAE8CA5007A6AE4 /* Debug */,
				A3FA1FE91EAE90E1007A6AE4 /* Development */,
				A3FA1FDB1EAE8CA5007A6AE4 /* Release */,
			);
			defaultConfigurationIsVisible = 0;
			defaultConfigurationName = Release;
		};
		A3FA1FDC1EAE8CA5007A6AE4 /* Build configuration list for PBXNativeTarget "xcconfigTutorial" */ = {
			isa = XCConfigurationList;
			buildConfigurations = (
				A3FA1FDD1EAE8CA5007A6AE4 /* Debug */,
				A3FA1FEA1EAE90E1007A6AE4 /* Development */,
				A3FA1FDE1EAE8CA5007A6AE4 /* Release */,
			);
			defaultConfigurationIsVisible = 0;
		};
/* End XCConfigurationList section */
	};
	rootObject = A3FA1FC21EAE8CA4007A6AE4 /* Project object */;
}
